
Microsoft Visual Studio Solution File, Format Version 12.00
# Visual Studio Version 16
VisualStudioVersion = 16.0.30621.155
MinimumVisualStudioVersion = 10.0.40219.1
Project("{FAE04EC0-301F-11D3-BF4B-00C04F79EFBC}") = "WPF Studys", "WPF Studys.csproj", "{97AF12A7-1536-4541-94B4-D2910049FF64}"
EndProject
Project("{FAE04EC0-301F-11D3-BF4B-00C04F79EFBC}") = "Undo Redo", "Undo Redo\Undo Redo.csproj", "{43F06E2F-306B-441E-9654-D15FE1104C82}"
EndProject
Global
	GlobalSection(SolutionConfigurationPlatforms) = preSolution
		Debug|Any CPU = Debug|Any CPU
		Release|Any CPU = Release|Any CPU
	EndGlobalSection
	GlobalSection(ProjectConfigurationPlatforms) = postSolution
		{97AF12A7-1536-4541-94B4-D2910049FF64}.Debug|Any CPU.ActiveCfg = Debug|Any CPU
		{97AF12A7-1536-4541-94B4-D2910049FF64}.Debug|Any CPU.Build.0 = Debug|Any CPU
		{97AF12A7-1536-4541-94B4-D2910049FF64}.Release|Any CPU.ActiveCfg = Release|Any CPU
		{97AF12A7-1536-4541-94B4-D2910049FF64}.Release|Any CPU.Build.0 = Release|Any CPU
		{43F06E2F-306B-441E-9654-D15FE1104C82}.Debug|Any CPU.ActiveCfg = Debug|Any CPU
		{43F06E2F-306B-441E-9654-D15FE1104C82}.Debug|Any CPU.Build.0 = Debug|Any CPU
		{43F06E2F-306B-441E-9654-D15FE1104C82}.Release|Any CPU.ActiveCfg = Release|Any CPU
		{43F06E2F-306B-441E-9654-D15FE1104C82}.Release|Any CPU.Build.0 = Release|Any CPU
	EndGlobalSection
	GlobalSection(SolutionProperties) = preSolution
		HideSolutionNode = FALSE
	EndGlobalSection
	GlobalSection(ExtensibilityGlobals) = postSolution
		SolutionGuid = {326859E7-B45B-4B6C-9025-5A376891681F}
	EndGlobalSection
EndGlobal
